# THIS IS AN AUTOGENERATED FILE. DO NOT EDIT THIS FILE DIRECTLY.
# yarn lockfile v1


openai@^6.9.1:
  version "6.9.1"
  resolved "https://registry.yarnpkg.com/openai/-/openai-6.9.1.tgz#a591118d79d14ac01870d29efe869743e9b64167"
  integrity sha512-vQ5Rlt0ZgB3/BNmTa7bIijYFhz3YBceAA3Z4JuoMSBftBF9YqFHIEhZakSs+O/Ad7EaoEimZvHxD5ylRjN11Lg==
